
Microsoft Visual Studio Solution File, Format Version 12.00
# Visual Studio Version 17
VisualStudioVersion = 17.9.34622.214
MinimumVisualStudioVersion = 10.0.40219.1
Project("{9A19103F-16F7-4668-BE54-9A1E7A4F7556}") = "Calculator", "Calculator\Calculator.csproj", "{200054ED-0BB4-4047-92A3-4F0DCE93D5E5}"
EndProject
Global
	GlobalSection(SolutionConfigurationPlatforms) = preSolution
		Debug|Any CPU = Debug|Any CPU
		Release|Any CPU = Release|Any CPU
	EndGlobalSection
	GlobalSection(ProjectConfigurationPlatforms) = postSolution
		{200054ED-0BB4-4047-92A3-4F0DCE93D5E5}.Debug|Any CPU.ActiveCfg = Debug|Any CPU
		{200054ED-0BB4-4047-92A3-4F0DCE93D5E5}.Debug|Any CPU.Build.0 = Debug|Any CPU
		{200054ED-0BB4-4047-92A3-4F0DCE93D5E5}.Release|Any CPU.ActiveCfg = Release|Any CPU
		{200054ED-0BB4-4047-92A3-4F0DCE93D5E5}.Release|Any CPU.Build.0 = Release|Any CPU
	EndGlobalSection
	GlobalSection(SolutionProperties) = preSolution
		HideSolutionNode = FALSE
	EndGlobalSection
	GlobalSection(ExtensibilityGlobals) = postSolution
		SolutionGuid = {0A910303-9194-4C50-A6E7-466A02054478}
	EndGlobalSection
EndGlobal
